// !$*UTF8*$!
{
	archiveVersion = 1;
	classes = {
	};
	objectVersion = 50;
	objects = {

/* Begin PBXBuildFile section */
		D3352B2C2603AF1B00591F9E /* AppDelegate.swift in Sources */ = {isa = PBXBuildFile; fileRef = D3352B2B2603AF1B00591F9E /* AppDelegate.swift */; };
		D3352B2E2603AF1B00591F9E /* SceneDelegate.swift in Sources */ = {isa = PBXBuildFile; fileRef = D3352B2D2603AF1B00591F9E /* SceneDelegate.swift */; };
		D3352B302603AF1B00591F9E /* CommentsViewController.swift in Sources */ = {isa = PBXBuildFile; fileRef = D3352B2F2603AF1B00591F9E /* CommentsViewController.swift */; };
		D3352B332603AF1B00591F9E /* Comments.storyboard in Resources */ = {isa = PBXBuildFile; fileRef = D3352B312603AF1B00591F9E /* Comments.storyboard */; };
		D3352B352603AF1E00591F9E /* Assets.xcassets in Resources */ = {isa = PBXBuildFile; fileRef = D3352B342603AF1E00591F9E /* Assets.xcassets */; };
		D3352B382603AF1E00591F9E /* LaunchScreen.storyboard in Resources */ = {isa = PBXBuildFile; fileRef = D3352B362603AF1E00591F9E /* LaunchScreen.storyboard */; };
		D3352B4B2605378E00591F9E /* CommentCell.swift in Sources */ = {isa = PBXBuildFile; fileRef = D3352B4A2605378E00591F9E /* CommentCell.swift */; };
		D3352B4D260539BB00591F9E /* Comment.swift in Sources */ = {isa = PBXBuildFile; fileRef = D3352B4C260539BB00591F9E /* Comment.swift */; };
		D3352B5026053D7F00591F9E /* NetworkService.swift in Sources */ = {isa = PBXBuildFile; fileRef = D3352B4F26053D7F00591F9E /* NetworkService.swift */; };
/* End PBXBuildFile section */

/* Begin PBXFileReference section */
		D3352B282603AF1B00591F9E /* MVC-N.app */ = {isa = PBXFileReference; explicitFileType = wrapper.application; includeInIndex = 0; path = "MVC-N.app"; sourceTree = BUILT_PRODUCTS_DIR; };
		D3352B2B2603AF1B00591F9E /* AppDelegate.swift */ = {isa = PBXFileReference; lastKnownFileType = sourcecode.swift; path = AppDelegate.swift; sourceTree = "<group>"; };
		D3352B2D2603AF1B00591F9E /* SceneDelegate.swift */ = {isa = PBXFileReference; lastKnownFileType = sourcecode.swift; path = SceneDelegate.swift; sourceTree = "<group>"; };
		D3352B2F2603AF1B00591F9E /* CommentsViewController.swift */ = {isa = PBXFileReference; lastKnownFileType = sourcecode.swift; path = CommentsViewController.swift; sourceTree = "<group>"; };
		D3352B322603AF1B00591F9E /* Base */ = {isa = PBXFileReference; lastKnownFileType = file.storyboard; name = Base; path = Base.lproj/Comments.storyboard; sourceTree = "<group>"; };
		D3352B342603AF1E00591F9E /* Assets.xcassets */ = {isa = PBXFileReference; lastKnownFileType = folder.assetcatalog; path = Assets.xcassets; sourceTree = "<group>"; };
		D3352B372603AF1E00591F9E /* Base */ = {isa = PBXFileReference; lastKnownFileType = file.storyboard; name = Base; path = Base.lproj/LaunchScreen.storyboard; sourceTree = "<group>"; };
		D3352B392603AF1E00591F9E /* Info.plist */ = {isa = PBXFileReference; lastKnownFileType = text.plist.xml; path = Info.plist; sourceTree = "<group>"; };
		D3352B4A2605378E00591F9E /* CommentCell.swift */ = {isa = PBXFileReference; lastKnownFileType = sourcecode.swift; path = CommentCell.swift; sourceTree = "<group>"; };
		D3352B4C260539BB00591F9E /* Comment.swift */ = {isa = PBXFileReference; lastKnownFileType = sourcecode.swift; path = Comment.swift; sourceTree = "<group>"; };
		D3352B4F26053D7F00591F9E /* NetworkService.swift */ = {isa = PBXFileReference; lastKnownFileType = sourcecode.swift; path = NetworkService.swift; sourceTree = "<group>"; };
/* End PBXFileReference section */

/* Begin PBXFrameworksBuildPhase section */
		D3352B252603AF1B00591F9E /* Frameworks */ = {
			isa = PBXFrameworksBuildPhase;
			buildActionMask = 2147483647;
			files = (
			);
			runOnlyForDeploymentPostprocessing = 0;
		};
/* End PBXFrameworksBuildPhase section */

/* Begin PBXGroup section */
		D3352B1F2603AF1B00591F9E = {
			isa = PBXGroup;
			children = (
				D3352B2A2603AF1B00591F9E /* MVC-N */,
				D3352B292603AF1B00591F9E /* Products */,
			);
			sourceTree = "<group>";
		};
		D3352B292603AF1B00591F9E /* Products */ = {
			isa = PBXGroup;
			children = (
				D3352B282603AF1B00591F9E /* MVC-N.app */,
			);
			name = Products;
			sourceTree = "<group>";
		};
		D3352B2A2603AF1B00591F9E /* MVC-N */ = {
			isa = PBXGroup;
			children = (
				D3352B432603B09000591F9E /* Application */,
				D3352B442603B0DA00591F9E /* Comments */,
				D3352B492603B18F00591F9E /* Supporting files */,
			);
			path = "MVC-N";
			sourceTree = "<group>";
		};
		D3352B3F2603B01300591F9E /* Model */ = {
			isa = PBXGroup;
			children = (
			);
			path = Model;
			sourceTree = "<group>";
		};
		D3352B402603B02100591F9E /* View */ = {
			isa = PBXGroup;
			children = (
				D3352B362603AF1E00591F9E /* LaunchScreen.storyboard */,
			);
			path = View;
			sourceTree = "<group>";
		};
		D3352B412603B02800591F9E /* Controller */ = {
			isa = PBXGroup;
			children = (
				D3352B2D2603AF1B00591F9E /* SceneDelegate.swift */,
				D3352B2B2603AF1B00591F9E /* AppDelegate.swift */,
			);
			path = Controller;
			sourceTree = "<group>";
		};
		D3352B432603B09000591F9E /* Application */ = {
			isa = PBXGroup;
			children = (
				D3352B3F2603B01300591F9E /* Model */,
				D3352B402603B02100591F9E /* View */,
				D3352B412603B02800591F9E /* Controller */,
				D3352B4E26053D3F00591F9E /* NetworkService */,
			);
			path = Application;
			sourceTree = "<group>";
		};
		D3352B442603B0DA00591F9E /* Comments */ = {
			isa = PBXGroup;
			children = (
				D3352B472603B10500591F9E /* Model */,
				D3352B462603B0FF00591F9E /* View */,
				D3352B452603B0F600591F9E /* Controller */,
			);
			path = Comments;
			sourceTree = "<group>";
		};
		D3352B452603B0F600591F9E /* Controller */ = {
			isa = PBXGroup;
			children = (
				D3352B2F2603AF1B00591F9E /* CommentsViewController.swift */,
			);
			path = Controller;
			sourceTree = "<group>";
		};
		D3352B462603B0FF00591F9E /* View */ = {
			isa = PBXGroup;
			children = (
				D3352B312603AF1B00591F9E /* Comments.storyboard */,
				D3352B4A2605378E00591F9E /* CommentCell.swift */,
			);
			path = View;
			sourceTree = "<group>";
		};
		D3352B472603B10500591F9E /* Model */ = {
			isa = PBXGroup;
			children = (
				D3352B4C260539BB00591F9E /* Comment.swift */,
			);
			path = Model;
			sourceTree = "<group>";
		};
		D3352B492603B18F00591F9E /* Supporting files */ = {
			isa = PBXGroup;
			children = (
				D3352B342603AF1E00591F9E /* Assets.xcassets */,
				D3352B392603AF1E00591F9E /* Info.plist */,
			);
			path = "Supporting files";
			sourceTree = "<group>";
		};
		D3352B4E26053D3F00591F9E /* NetworkService */ = {
			isa = PBXGroup;
			children = (
				D3352B4F26053D7F00591F9E /* NetworkService.swift */,
			);
			path = NetworkService;
			sourceTree = "<group>";
		};
/* End PBXGroup section */

/* Begin PBXNativeTarget section */
		D3352B272603AF1B00591F9E /* MVC-N */ = {
			isa = PBXNativeTarget;
			buildConfigurationList = D3352B3C2603AF1E00591F9E /* Build configuration list for PBXNativeTarget "MVC-N" */;
			buildPhases = (
				D3352B242603AF1B00591F9E /* Sources */,
				D3352B252603AF1B00591F9E /* Frameworks */,
				D3352B262603AF1B00591F9E /* Resources */,
			);
			buildRules = (
			);
			dependencies = (
			);
			name = "MVC-N";
			productName = "MVC-N";
			productReference = D3352B282603AF1B00591F9E /* MVC-N.app */;
			productType = "com.apple.product-type.application";
		};
/* End PBXNativeTarget section */

/* Begin PBXProject section */
		D3352B202603AF1B00591F9E /* Project object */ = {
			isa = PBXProject;
			attributes = {
				LastSwiftUpdateCheck = 1140;
				LastUpgradeCheck = 1140;
				ORGANIZATIONNAME = "Lolita Chernysheva";
				TargetAttributes = {
					D3352B272603AF1B00591F9E = {
						CreatedOnToolsVersion = 11.4.1;
					};
				};
			};
			buildConfigurationList = D3352B232603AF1B00591F9E /* Build configuration list for PBXProject "MVC-N" */;
			compatibilityVersion = "Xcode 9.3";
			developmentRegion = en;
			hasScannedForEncodings = 0;
			knownRegions = (
				en,
				Base,
			);
			mainGroup = D3352B1F2603AF1B00591F9E;
			productRefGroup = D3352B292603AF1B00591F9E /* Products */;
			projectDirPath = "";
			projectRoot = "";
			targets = (
				D3352B272603AF1B00591F9E /* MVC-N */,
			);
		};
/* End PBXProject section */

/* Begin PBXResourcesBuildPhase section */
		D3352B262603AF1B00591F9E /* Resources */ = {
			isa = PBXResourcesBuildPhase;
			buildActionMask = 2147483647;
			files = (
				D3352B382603AF1E00591F9E /* LaunchScreen.storyboard in Resources */,
				D3352B352603AF1E00591F9E /* Assets.xcassets in Resources */,
				D3352B332603AF1B00591F9E /* Comments.storyboard in Resources */,
			);
			runOnlyForDeploymentPostprocessing = 0;
		};
/* End PBXResourcesBuildPhase section */

/* Begin PBXSourcesBuildPhase section */
		D3352B242603AF1B00591F9E /* Sources */ = {
			isa = PBXSourcesBuildPhase;
			buildActionMask = 2147483647;
			files = (
				D3352B4D260539BB00591F9E /* Comment.swift in Sources */,
				D3352B302603AF1B00591F9E /* CommentsViewController.swift in Sources */,
				D3352B2C2603AF1B00591F9E /* AppDelegate.swift in Sources */,
				D3352B2E2603AF1B00591F9E /* SceneDelegate.swift in Sources */,
				D3352B5026053D7F00591F9E /* NetworkService.swift in Sources */,
				D3352B4B2605378E00591F9E /* CommentCell.swift in Sources */,
			);
			runOnlyForDeploymentPostprocessing = 0;
		};
/* End PBXSourcesBuildPhase section */

/* Begin PBXVariantGroup section */
		D3352B312603AF1B00591F9E /* Comments.storyboard */ = {
			isa = PBXVariantGroup;
			children = (
				D3352B322603AF1B00591F9E /* Base */,
			);
			name = Comments.storyboard;
			sourceTree = "<group>";
		};
		D3352B362603AF1E00591F9E /* LaunchScreen.storyboard */ = {
			isa = PBXVariantGroup;
			children = (
				D3352B372603AF1E00591F9E /* Base */,
			);
			name = LaunchScreen.storyboard;
			sourceTree = "<group>";
		};
/* End PBXVariantGroup section */

/* Begin XCBuildConfiguration section */
		D3352B3A2603AF1E00591F9E /* Debug */ = {
			isa = XCBuildConfiguration;
			buildSettings = {
				ALWAYS_SEARCH_USER_PATHS = NO;
				CLANG_ANALYZER_NONNULL = YES;
				CLANG_ANALYZER_NUMBER_OBJECT_CONVERSION = YES_AGGRESSIVE;
				CLANG_CXX_LANGUAGE_STANDARD = "gnu++14";
				CLANG_CXX_LIBRARY = "libc++";
				CLANG_ENABLE_MODULES = YES;
				CLANG_ENABLE_OBJC_ARC = YES;
				CLANG_ENABLE_OBJC_WEAK = YES;
				CLANG_WARN_BLOCK_CAPTURE_AUTORELEASING = YES;
				CLANG_WARN_BOOL_CONVERSION = YES;
				CLANG_WARN_COMMA = YES;
				CLANG_WARN_CONSTANT_CONVERSION = YES;
				CLANG_WARN_DEPRECATED_OBJC_IMPLEMENTATIONS = YES;
				CLANG_WARN_DIRECT_OBJC_ISA_USAGE = YES_ERROR;
				CLANG_WARN_DOCUMENTATION_COMMENTS = YES;
				CLANG_WARN_EMPTY_BODY = YES;
				CLANG_WARN_ENUM_CONVERSION = YES;
				CLANG_WARN_INFINITE_RECURSION = YES;
				CLANG_WARN_INT_CONVERSION = YES;
				CLANG_WARN_NON_LITERAL_NULL_CONVERSION = YES;
				CLANG_WARN_OBJC_IMPLICIT_RETAIN_SELF = YES;
				CLANG_WARN_OBJC_LITERAL_CONVERSION = YES;
				CLANG_WARN_OBJC_ROOT_CLASS = YES_ERROR;
				CLANG_WARN_RANGE_LOOP_ANALYSIS = YES;
				CLANG_WARN_STRICT_PROTOTYPES = YES;
				CLANG_WARN_SUSPICIOUS_MOVE = YES;
				CLANG_WARN_UNGUARDED_AVAILABILITY = YES_AGGRESSIVE;
				CLANG_WARN_UNREACHABLE_CODE = YES;
				CLANG_WARN__DUPLICATE_METHOD_MATCH = YES;
				COPY_PHASE_STRIP = NO;
				DEBUG_INFORMATION_FORMAT = dwarf;
				ENABLE_STRICT_OBJC_MSGSEND = YES;
				ENABLE_TESTABILITY = YES;
				GCC_C_LANGUAGE_STANDARD = gnu11;
				GCC_DYNAMIC_NO_PIC = NO;
				GCC_NO_COMMON_BLOCKS = YES;
				GCC_OPTIMIZATION_LEVEL = 0;
				GCC_PREPROCESSOR_DEFINITIONS = (
					"DEBUG=1",
					"$(inherited)",
				);
				GCC_WARN_64_TO_32_BIT_CONVERSION = YES;
				GCC_WARN_ABOUT_RETURN_TYPE = YES_ERROR;
				GCC_WARN_UNDECLARED_SELECTOR = YES;
				GCC_WARN_UNINITIALIZED_AUTOS = YES_AGGRESSIVE;
				GCC_WARN_UNUSED_FUNCTION = YES;
				GCC_WARN_UNUSED_VARIABLE = YES;
				IPHONEOS_DEPLOYMENT_TARGET = 13.4;
				MTL_ENABLE_DEBUG_INFO = INCLUDE_SOURCE;
				MTL_FAST_MATH = YES;
				ONLY_ACTIVE_ARCH = YES;
				SDKROOT = iphoneos;
				SWIFT_ACTIVE_COMPILATION_CONDITIONS = DEBUG;
				SWIFT_OPTIMIZATION_LEVEL = "-Onone";
			};
			name = Debug;
		};
		D3352B3B2603AF1E00591F9E /* Release */ = {
			isa = XCBuildConfiguration;
			buildSettings = {
				ALWAYS_SEARCH_USER_PATHS = NO;
				CLANG_ANALYZER_NONNULL = YES;
				CLANG_ANALYZER_NUMBER_OBJECT_CONVERSION = YES_AGGRESSIVE;
				CLANG_CXX_LANGUAGE_STANDARD = "gnu++14";
				CLANG_CXX_LIBRARY = "libc++";
				CLANG_ENABLE_MODULES = YES;
				CLANG_ENABLE_OBJC_ARC = YES;
				CLANG_ENABLE_OBJC_WEAK = YES;
				CLANG_WARN_BLOCK_CAPTURE_AUTORELEASING = YES;
				CLANG_WARN_BOOL_CONVERSION = YES;
				CLANG_WARN_COMMA = YES;
				CLANG_WARN_CONSTANT_CONVERSION = YES;
				CLANG_WARN_DEPRECATED_OBJC_IMPLEMENTATIONS = YES;
				CLANG_WARN_DIRECT_OBJC_ISA_USAGE = YES_ERROR;
				CLANG_WARN_DOCUMENTATION_COMMENTS = YES;
				CLANG_WARN_EMPTY_BODY = YES;
				CLANG_WARN_ENUM_CONVERSION = YES;
				CLANG_WARN_INFINITE_RECURSION = YES;
				CLANG_WARN_INT_CONVERSION = YES;
				CLANG_WARN_NON_LITERAL_NULL_CONVERSION = YES;
				CLANG_WARN_OBJC_IMPLICIT_RETAIN_SELF = YES;
				CLANG_WARN_OBJC_LITERAL_CONVERSION = YES;
				CLANG_WARN_OBJC_ROOT_CLASS = YES_ERROR;
				CLANG_WARN_RANGE_LOOP_ANALYSIS = YES;
				CLANG_WARN_STRICT_PROTOTYPES = YES;
				CLANG_WARN_SUSPICIOUS_MOVE = YES;
				CLANG_WARN_UNGUARDED_AVAILABILITY = YES_AGGRESSIVE;
				CLANG_WARN_UNREACHABLE_CODE = YES;
				CLANG_WARN__DUPLICATE_METHOD_MATCH = YES;
				COPY_PHASE_STRIP = NO;
				DEBUG_INFORMATION_FORMAT = "dwarf-with-dsym";
				ENABLE_NS_ASSERTIONS = NO;
				ENABLE_STRICT_OBJC_MSGSEND = YES;
				GCC_C_LANGUAGE_STANDARD = gnu11;
				GCC_NO_COMMON_BLOCKS = YES;
				GCC_WARN_64_TO_32_BIT_CONVERSION = YES;
				GCC_WARN_ABOUT_RETURN_TYPE = YES_ERROR;
				GCC_WARN_UNDECLARED_SELECTOR = YES;
				GCC_WARN_UNINITIALIZED_AUTOS = YES_AGGRESSIVE;
				GCC_WARN_UNUSED_FUNCTION = YES;
				GCC_WARN_UNUSED_VARIABLE = YES;
				IPHONEOS_DEPLOYMENT_TARGET = 13.4;
				MTL_ENABLE_DEBUG_INFO = NO;
				MTL_FAST_MATH = YES;
				SDKROOT = iphoneos;
				SWIFT_COMPILATION_MODE = wholemodule;
				SWIFT_OPTIMIZATION_LEVEL = "-O";
				VALIDATE_PRODUCT = YES;
			};
			name = Release;
		};
		D3352B3D2603AF1E00591F9E /* Debug */ = {
			isa = XCBuildConfiguration;
			buildSettings = {
				ASSETCATALOG_COMPILER_APPICON_NAME = AppIcon;
				CODE_SIGN_STYLE = Automatic;
				INFOPLIST_FILE = "MVC-N/Supporting files/Info.plist";
				LD_RUNPATH_SEARCH_PATHS = (
					"$(inherited)",
					"@executable_path/Frameworks",
				);
				PRODUCT_BUNDLE_IDENTIFIER = "Lolita-Chernysheva.MVC-N";
				PRODUCT_NAME = "$(TARGET_NAME)";
				SWIFT_VERSION = 5.0;
				TARGETED_DEVICE_FAMILY = "1,2";
			};
			name = Debug;
		};
		D3352B3E2603AF1E00591F9E /* Release */ = {
			isa = XCBuildConfiguration;
			buildSettings = {
				ASSETCATALOG_COMPILER_APPICON_NAME = AppIcon;
				CODE_SIGN_STYLE = Automatic;
				INFOPLIST_FILE = "MVC-N/Supporting files/Info.plist";
				LD_RUNPATH_SEARCH_PATHS = (
					"$(inherited)",
					"@executable_path/Frameworks",
				);
				PRODUCT_BUNDLE_IDENTIFIER = "Lolita-Chernysheva.MVC-N";
				PRODUCT_NAME = "$(TARGET_NAME)";
				SWIFT_VERSION = 5.0;
				TARGETED_DEVICE_FAMILY = "1,2";
			};
			name = Release;
		};
/* End XCBuildConfiguration section */

/* Begin XCConfigurationList section */
		D3352B232603AF1B00591F9E /* Build configuration list for PBXProject "MVC-N" */ = {
			isa = XCConfigurationList;
			buildConfigurations = (
				D3352B3A2603AF1E00591F9E /* Debug */,
				D3352B3B2603AF1E00591F9E /* Release */,
			);
			defaultConfigurationIsVisible = 0;
			defaultConfigurationName = Release;
		};
		D3352B3C2603AF1E00591F9E /* Build configuration list for PBXNativeTarget "MVC-N" */ = {
			isa = XCConfigurationList;
			buildConfigurations = (
				D3352B3D2603AF1E00591F9E /* Debug */,
				D3352B3E2603AF1E00591F9E /* Release */,
			);
			defaultConfigurationIsVisible = 0;
			defaultConfigurationName = Release;
		};
/* End XCConfigurationList section */
	};
	rootObject = D3352B202603AF1B00591F9E /* Project object */;
}
